// !$*UTF8*$!
{
	archiveVersion = 1;
	classes = {
	};
	objectVersion = 46;
	objects = {

/* Begin PBXAggregateTarget section */
		3B2B202A1B68C7C9002A9CD5 /* RSSFeedReaderModel */ = {
			isa = PBXAggregateTarget;
			buildConfigurationList = 3B2B202B1B68C7CA002A9CD5 /* Build configuration list for PBXAggregateTarget "RSSFeedReaderModel" */;
			buildPhases = (
				3B2B202E1B68C922002A9CD5 /* ShellScript */,
			);
			dependencies = (
			);
			name = RSSFeedReaderModel;
			productName = RSSFeedReaderModel;
		};
/* End PBXAggregateTarget section */

/* Begin PBXBuildFile section */
		3B2B20041B68C59C002A9CD5 /* main.m in Sources */ = {isa = PBXBuildFile; fileRef = 3B2B20031B68C59C002A9CD5 /* main.m */; };
		3B2B20071B68C59C002A9CD5 /* AppDelegate.m in Sources */ = {isa = PBXBuildFile; fileRef = 3B2B20061B68C59C002A9CD5 /* AppDelegate.m */; };
		3B2B200A1B68C59C002A9CD5 /* RSSFeedReader.xcdatamodeld in Sources */ = {isa = PBXBuildFile; fileRef = 3B2B20081B68C59C002A9CD5 /* RSSFeedReader.xcdatamodeld */; };
		3B2B20121B68C59C002A9CD5 /* Images.xcassets in Resources */ = {isa = PBXBuildFile; fileRef = 3B2B20111B68C59C002A9CD5 /* Images.xcassets */; };
		3B2B20151B68C59C002A9CD5 /* LaunchScreen.xib in Resources */ = {isa = PBXBuildFile; fileRef = 3B2B20131B68C59C002A9CD5 /* LaunchScreen.xib */; };
		3B2B20211B68C59D002A9CD5 /* RSSFeedReaderTests.m in Sources */ = {isa = PBXBuildFile; fileRef = 3B2B20201B68C59D002A9CD5 /* RSSFeedReaderTests.m */; };
		3B2B203E1B68CA66002A9CD5 /* _FeedServer.m in Sources */ = {isa = PBXBuildFile; fileRef = 3B2B20351B68CA66002A9CD5 /* _FeedServer.m */; };
		3B2B203F1B68CA66002A9CD5 /* FeedImage.m in Sources */ = {isa = PBXBuildFile; fileRef = 3B2B20371B68CA66002A9CD5 /* FeedImage.m */; };
		3B2B20401B68CA66002A9CD5 /* FeedItem.m in Sources */ = {isa = PBXBuildFile; fileRef = 3B2B20391B68CA66002A9CD5 /* FeedItem.m */; };
		3B2B20411B68CA66002A9CD5 /* FeedServer.m in Sources */ = {isa = PBXBuildFile; fileRef = 3B2B203B1B68CA66002A9CD5 /* FeedServer.m */; };
		3B2B20431B68D09B002A9CD5 /* Main.storyboard in Resources */ = {isa = PBXBuildFile; fileRef = 3B2B20421B68D09B002A9CD5 /* Main.storyboard */; };
		3B2B20521B68D0F6002A9CD5 /* FeedUITableViewCell.m in Sources */ = {isa = PBXBuildFile; fileRef = 3B2B20471B68D0F6002A9CD5 /* FeedUITableViewCell.m */; };
		3B2B20531B68D0F6002A9CD5 /* MainTableViewController.m in Sources */ = {isa = PBXBuildFile; fileRef = 3B2B20491B68D0F6002A9CD5 /* MainTableViewController.m */; };
		3B2B20541B68D0F6002A9CD5 /* WebViewController.m in Sources */ = {isa = PBXBuildFile; fileRef = 3B2B204B1B68D0F6002A9CD5 /* WebViewController.m */; };
		3B2B20551B68D0F6002A9CD5 /* ImageBrowserViewController.m in Sources */ = {isa = PBXBuildFile; fileRef = 3B2B204D1B68D0F6002A9CD5 /* ImageBrowserViewController.m */; };
		3B2B20561B68D0F6002A9CD5 /* ParserManager.m in Sources */ = {isa = PBXBuildFile; fileRef = 3B2B204F1B68D0F6002A9CD5 /* ParserManager.m */; };
		3B2B20571B68D0F6002A9CD5 /* Parser.m in Sources */ = {isa = PBXBuildFile; fileRef = 3B2B20511B68D0F6002A9CD5 /* Parser.m */; };
		3B2B205A1B68D10A002A9CD5 /* NSString+MD5.m in Sources */ = {isa = PBXBuildFile; fileRef = 3B2B20591B68D10A002A9CD5 /* NSString+MD5.m */; };
		3B2B205F1B68D11B002A9CD5 /* Stack.m in Sources */ = {isa = PBXBuildFile; fileRef = 3B2B205C1B68D11B002A9CD5 /* Stack.m */; };
		3B2B20601B68D11B002A9CD5 /* SettingsManager.m in Sources */ = {isa = PBXBuildFile; fileRef = 3B2B205E1B68D11B002A9CD5 /* SettingsManager.m */; };
		3B2B20621B68D133002A9CD5 /* Settings.bundle in Resources */ = {isa = PBXBuildFile; fileRef = 3B2B20611B68D133002A9CD5 /* Settings.bundle */; };
		3B2B20681B68DA61002A9CD5 /* _FeedImage.m in Sources */ = {isa = PBXBuildFile; fileRef = 3B2B20671B68DA61002A9CD5 /* _FeedImage.m */; };
		3B2B206E1B68DFC5002A9CD5 /* FeedManager.m in Sources */ = {isa = PBXBuildFile; fileRef = 3B2B206D1B68DFC5002A9CD5 /* FeedManager.m */; };
		3B2B20711B68E0AD002A9CD5 /* _FeedItem.m in Sources */ = {isa = PBXBuildFile; fileRef = 3B2B20701B68E0AD002A9CD5 /* _FeedItem.m */; };
		3B67600C1B6B58ED00A3D57A /* ImageDisplayManager.m in Sources */ = {isa = PBXBuildFile; fileRef = 3B67600B1B6B58ED00A3D57A /* ImageDisplayManager.m */; };
		3B67600F1B6B59AD00A3D57A /* ImageDisplayOperation.m in Sources */ = {isa = PBXBuildFile; fileRef = 3B67600E1B6B59AD00A3D57A /* ImageDisplayOperation.m */; };
		3B6760121B6B6CD200A3D57A /* Reachability.m in Sources */ = {isa = PBXBuildFile; fileRef = 3B6760111B6B6CD200A3D57A /* Reachability.m */; settings = {COMPILER_FLAGS = "-fobjc-arc"; }; };
/* End PBXBuildFile section */

/* Begin PBXContainerItemProxy section */
		3B2B201B1B68C59D002A9CD5 /* PBXContainerItemProxy */ = {
			isa = PBXContainerItemProxy;
			containerPortal = 3B2B1FF61B68C59C002A9CD5 /* Project object */;
			proxyType = 1;
			remoteGlobalIDString = 3B2B1FFD1B68C59C002A9CD5;
			remoteInfo = RSSFeedReader;
		};
/* End PBXContainerItemProxy section */

/* Begin PBXFileReference section */
		3B2B1FFE1B68C59C002A9CD5 /* RSSFeedReader.app */ = {isa = PBXFileReference; explicitFileType = wrapper.application; includeInIndex = 0; path = RSSFeedReader.app; sourceTree = BUILT_PRODUCTS_DIR; };
		3B2B20021B68C59C002A9CD5 /* Info.plist */ = {isa = PBXFileReference; lastKnownFileType = text.plist.xml; path = Info.plist; sourceTree = "<group>"; };
		3B2B20031B68C59C002A9CD5 /* main.m */ = {isa = PBXFileReference; lastKnownFileType = sourcecode.c.objc; path = main.m; sourceTree = "<group>"; };
		3B2B20051B68C59C002A9CD5 /* AppDelegate.h */ = {isa = PBXFileReference; lastKnownFileType = sourcecode.c.h; path = AppDelegate.h; sourceTree = "<group>"; };
		3B2B20061B68C59C002A9CD5 /* AppDelegate.m */ = {isa = PBXFileReference; lastKnownFileType = sourcecode.c.objc; path = AppDelegate.m; sourceTree = "<group>"; };
		3B2B20091B68C59C002A9CD5 /* RSSFeedReader.xcdatamodel */ = {isa = PBXFileReference; lastKnownFileType = wrapper.xcdatamodel; path = RSSFeedReader.xcdatamodel; sourceTree = "<group>"; };
		3B2B20111B68C59C002A9CD5 /* Images.xcassets */ = {isa = PBXFileReference; lastKnownFileType = folder.assetcatalog; path = Images.xcassets; sourceTree = "<group>"; };
		3B2B20141B68C59C002A9CD5 /* Base */ = {isa = PBXFileReference; lastKnownFileType = file.xib; name = Base; path = Base.lproj/LaunchScreen.xib; sourceTree = "<group>"; };
		3B2B201A1B68C59D002A9CD5 /* RSSFeedReaderTests.xctest */ = {isa = PBXFileReference; explicitFileType = wrapper.cfbundle; includeInIndex = 0; path = RSSFeedReaderTests.xctest; sourceTree = BUILT_PRODUCTS_DIR; };
		3B2B201F1B68C59D002A9CD5 /* Info.plist */ = {isa = PBXFileReference; lastKnownFileType = text.plist.xml; path = Info.plist; sourceTree = "<group>"; };
		3B2B20201B68C59D002A9CD5 /* RSSFeedReaderTests.m */ = {isa = PBXFileReference; lastKnownFileType = sourcecode.c.objc; path = RSSFeedReaderTests.m; sourceTree = "<group>"; };
		3B2B20341B68CA66002A9CD5 /* _FeedServer.h */ = {isa = PBXFileReference; fileEncoding = 4; lastKnownFileType = sourcecode.c.h; path = _FeedServer.h; sourceTree = "<group>"; };
		3B2B20351B68CA66002A9CD5 /* _FeedServer.m */ = {isa = PBXFileReference; fileEncoding = 4; lastKnownFileType = sourcecode.c.objc; path = _FeedServer.m; sourceTree = "<group>"; };
		3B2B20361B68CA66002A9CD5 /* FeedImage.h */ = {isa = PBXFileReference; fileEncoding = 4; lastKnownFileType = sourcecode.c.h; path = FeedImage.h; sourceTree = "<group>"; };
		3B2B20371B68CA66002A9CD5 /* FeedImage.m */ = {isa = PBXFileReference; fileEncoding = 4; lastKnownFileType = sourcecode.c.objc; path = FeedImage.m; sourceTree = "<group>"; };
		3B2B20381B68CA66002A9CD5 /* FeedItem.h */ = {isa = PBXFileReference; fileEncoding = 4; lastKnownFileType = sourcecode.c.h; path = FeedItem.h; sourceTree = "<group>"; };
		3B2B20391B68CA66002A9CD5 /* FeedItem.m */ = {isa = PBXFileReference; fileEncoding = 4; lastKnownFileType = sourcecode.c.objc; path = FeedItem.m; sourceTree = "<group>"; };
		3B2B203A1B68CA66002A9CD5 /* FeedServer.h */ = {isa = PBXFileReference; fileEncoding = 4; lastKnownFileType = sourcecode.c.h; path = FeedServer.h; sourceTree = "<group>"; };
		3B2B203B1B68CA66002A9CD5 /* FeedServer.m */ = {isa = PBXFileReference; fileEncoding = 4; lastKnownFileType = sourcecode.c.objc; path = FeedServer.m; sourceTree = "<group>"; };
		3B2B20421B68D09B002A9CD5 /* Main.storyboard */ = {isa = PBXFileReference; fileEncoding = 4; lastKnownFileType = file.storyboard; path = Main.storyboard; sourceTree = "<group>"; };
		3B2B20461B68D0F6002A9CD5 /* FeedUITableViewCell.h */ = {isa = PBXFileReference; fileEncoding = 4; lastKnownFileType = sourcecode.c.h; path = FeedUITableViewCell.h; sourceTree = "<group>"; };
		3B2B20471B68D0F6002A9CD5 /* FeedUITableViewCell.m */ = {isa = PBXFileReference; fileEncoding = 4; lastKnownFileType = sourcecode.c.objc; path = FeedUITableViewCell.m; sourceTree = "<group>"; };
		3B2B20481B68D0F6002A9CD5 /* MainTableViewController.h */ = {isa = PBXFileReference; fileEncoding = 4; lastKnownFileType = sourcecode.c.h; path = MainTableViewController.h; sourceTree = "<group>"; };
		3B2B20491B68D0F6002A9CD5 /* MainTableViewController.m */ = {isa = PBXFileReference; fileEncoding = 4; lastKnownFileType = sourcecode.c.objc; path = MainTableViewController.m; sourceTree = "<group>"; };
		3B2B204A1B68D0F6002A9CD5 /* WebViewController.h */ = {isa = PBXFileReference; fileEncoding = 4; lastKnownFileType = sourcecode.c.h; path = WebViewController.h; sourceTree = "<group>"; };
		3B2B204B1B68D0F6002A9CD5 /* WebViewController.m */ = {isa = PBXFileReference; fileEncoding = 4; lastKnownFileType = sourcecode.c.objc; path = WebViewController.m; sourceTree = "<group>"; };
		3B2B204C1B68D0F6002A9CD5 /* ImageBrowserViewController.h */ = {isa = PBXFileReference; fileEncoding = 4; lastKnownFileType = sourcecode.c.h; path = ImageBrowserViewController.h; sourceTree = "<group>"; };
		3B2B204D1B68D0F6002A9CD5 /* ImageBrowserViewController.m */ = {isa = PBXFileReference; fileEncoding = 4; lastKnownFileType = sourcecode.c.objc; path = ImageBrowserViewController.m; sourceTree = "<group>"; };
		3B2B204E1B68D0F6002A9CD5 /* ParserManager.h */ = {isa = PBXFileReference; fileEncoding = 4; lastKnownFileType = sourcecode.c.h; path = ParserManager.h; sourceTree = "<group>"; };
		3B2B204F1B68D0F6002A9CD5 /* ParserManager.m */ = {isa = PBXFileReference; fileEncoding = 4; lastKnownFileType = sourcecode.c.objc; path = ParserManager.m; sourceTree = "<group>"; };
		3B2B20501B68D0F6002A9CD5 /* Parser.h */ = {isa = PBXFileReference; fileEncoding = 4; lastKnownFileType = sourcecode.c.h; path = Parser.h; sourceTree = "<group>"; };
		3B2B20511B68D0F6002A9CD5 /* Parser.m */ = {isa = PBXFileReference; fileEncoding = 4; lastKnownFileType = sourcecode.c.objc; path = Parser.m; sourceTree = "<group>"; };
		3B2B20581B68D10A002A9CD5 /* NSString+MD5.h */ = {isa = PBXFileReference; fileEncoding = 4; lastKnownFileType = sourcecode.c.h; path = "NSString+MD5.h"; sourceTree = "<group>"; };
		3B2B20591B68D10A002A9CD5 /* NSString+MD5.m */ = {isa = PBXFileReference; fileEncoding = 4; lastKnownFileType = sourcecode.c.objc; path = "NSString+MD5.m"; sourceTree = "<group>"; };
		3B2B205B1B68D11B002A9CD5 /* Stack.h */ = {isa = PBXFileReference; fileEncoding = 4; lastKnownFileType = sourcecode.c.h; path = Stack.h; sourceTree = "<group>"; };
		3B2B205C1B68D11B002A9CD5 /* Stack.m */ = {isa = PBXFileReference; fileEncoding = 4; lastKnownFileType = sourcecode.c.objc; path = Stack.m; sourceTree = "<group>"; };
		3B2B205D1B68D11B002A9CD5 /* SettingsManager.h */ = {isa = PBXFileReference; fileEncoding = 4; lastKnownFileType = sourcecode.c.h; path = SettingsManager.h; sourceTree = "<group>"; };
		3B2B205E1B68D11B002A9CD5 /* SettingsManager.m */ = {isa = PBXFileReference; fileEncoding = 4; lastKnownFileType = sourcecode.c.objc; path = SettingsManager.m; sourceTree = "<group>"; };
		3B2B20611B68D133002A9CD5 /* Settings.bundle */ = {isa = PBXFileReference; lastKnownFileType = "wrapper.plug-in"; path = Settings.bundle; sourceTree = "<group>"; };
		3B2B20661B68DA61002A9CD5 /* _FeedImage.h */ = {isa = PBXFileReference; fileEncoding = 4; lastKnownFileType = sourcecode.c.h; path = _FeedImage.h; sourceTree = "<group>"; };
		3B2B20671B68DA61002A9CD5 /* _FeedImage.m */ = {isa = PBXFileReference; fileEncoding = 4; lastKnownFileType = sourcecode.c.objc; path = _FeedImage.m; sourceTree = "<group>"; };
		3B2B206C1B68DFC5002A9CD5 /* FeedManager.h */ = {isa = PBXFileReference; fileEncoding = 4; lastKnownFileType = sourcecode.c.h; path = FeedManager.h; sourceTree = "<group>"; };
		3B2B206D1B68DFC5002A9CD5 /* FeedManager.m */ = {isa = PBXFileReference; fileEncoding = 4; lastKnownFileType = sourcecode.c.objc; path = FeedManager.m; sourceTree = "<group>"; };
		3B2B206F1B68E0AD002A9CD5 /* _FeedItem.h */ = {isa = PBXFileReference; fileEncoding = 4; lastKnownFileType = sourcecode.c.h; path = _FeedItem.h; sourceTree = "<group>"; };
		3B2B20701B68E0AD002A9CD5 /* _FeedItem.m */ = {isa = PBXFileReference; fileEncoding = 4; lastKnownFileType = sourcecode.c.objc; path = _FeedItem.m; sourceTree = "<group>"; };
		3B67600A1B6B58ED00A3D57A /* ImageDisplayManager.h */ = {isa = PBXFileReference; fileEncoding = 4; lastKnownFileType = sourcecode.c.h; path = ImageDisplayManager.h; sourceTree = "<group>"; };
		3B67600B1B6B58ED00A3D57A /* ImageDisplayManager.m */ = {isa = PBXFileReference; fileEncoding = 4; lastKnownFileType = sourcecode.c.objc; path = ImageDisplayManager.m; sourceTree = "<group>"; };
		3B67600D1B6B59AD00A3D57A /* ImageDisplayOperation.h */ = {isa = PBXFileReference; fileEncoding = 4; lastKnownFileType = sourcecode.c.h; path = ImageDisplayOperation.h; sourceTree = "<group>"; };
		3B67600E1B6B59AD00A3D57A /* ImageDisplayOperation.m */ = {isa = PBXFileReference; fileEncoding = 4; lastKnownFileType = sourcecode.c.objc; path = ImageDisplayOperation.m; sourceTree = "<group>"; };
		3B6760101B6B6CD200A3D57A /* Reachability.h */ = {isa = PBXFileReference; fileEncoding = 4; lastKnownFileType = sourcecode.c.h; path = Reachability.h; sourceTree = "<group>"; };
		3B6760111B6B6CD200A3D57A /* Reachability.m */ = {isa = PBXFileReference; fileEncoding = 4; lastKnownFileType = sourcecode.c.objc; path = Reachability.m; sourceTree = "<group>"; };
/* End PBXFileReference section */

/* Begin PBXFrameworksBuildPhase section */
		3B2B1FFB1B68C59C002A9CD5 /* Frameworks */ = {
			isa = PBXFrameworksBuildPhase;
			buildActionMask = 2147483647;
			files = (
			);
			runOnlyForDeploymentPostprocessing = 0;
		};
		3B2B20171B68C59D002A9CD5 /* Frameworks */ = {
			isa = PBXFrameworksBuildPhase;
			buildActionMask = 2147483647;
			files = (
			);
			runOnlyForDeploymentPostprocessing = 0;
		};
/* End PBXFrameworksBuildPhase section */

/* Begin PBXGroup section */
		3B2B1FF51B68C59C002A9CD5 = {
			isa = PBXGroup;
			children = (
				3B2B20001B68C59C002A9CD5 /* RSSFeedReader */,
				3B2B201D1B68C59D002A9CD5 /* RSSFeedReaderTests */,
				3B2B1FFF1B68C59C002A9CD5 /* Products */,
			);
			sourceTree = "<group>";
		};
		3B2B1FFF1B68C59C002A9CD5 /* Products */ = {
			isa = PBXGroup;
			children = (
				3B2B1FFE1B68C59C002A9CD5 /* RSSFeedReader.app */,
				3B2B201A1B68C59D002A9CD5 /* RSSFeedReaderTests.xctest */,
			);
			name = Products;
			sourceTree = "<group>";
		};
		3B2B20001B68C59C002A9CD5 /* RSSFeedReader */ = {
			isa = PBXGroup;
			children = (
				3B2B20451B68D0D9002A9CD5 /* Controller */,
				3B2B20441B68D0A5002A9CD5 /* View */,
				3B2B202F1B68CA66002A9CD5 /* Model */,
				3B2B20051B68C59C002A9CD5 /* AppDelegate.h */,
				3B2B20061B68C59C002A9CD5 /* AppDelegate.m */,
				3B2B20111B68C59C002A9CD5 /* Images.xcassets */,
				3B2B20131B68C59C002A9CD5 /* LaunchScreen.xib */,
				3B2B20081B68C59C002A9CD5 /* RSSFeedReader.xcdatamodeld */,
				3B2B20011B68C59C002A9CD5 /* Supporting Files */,
			);
			path = RSSFeedReader;
			sourceTree = "<group>";
		};
		3B2B20011B68C59C002A9CD5 /* Supporting Files */ = {
			isa = PBXGroup;
			children = (
				3B2B20611B68D133002A9CD5 /* Settings.bundle */,
				3B2B20581B68D10A002A9CD5 /* NSString+MD5.h */,
				3B2B20591B68D10A002A9CD5 /* NSString+MD5.m */,
				3B2B20021B68C59C002A9CD5 /* Info.plist */,
				3B6760101B6B6CD200A3D57A /* Reachability.h */,
				3B6760111B6B6CD200A3D57A /* Reachability.m */,
				3B2B20031B68C59C002A9CD5 /* main.m */,
				3B2B205B1B68D11B002A9CD5 /* Stack.h */,
				3B2B205C1B68D11B002A9CD5 /* Stack.m */,
			);
			name = "Supporting Files";
			sourceTree = "<group>";
		};
		3B2B201D1B68C59D002A9CD5 /* RSSFeedReaderTests */ = {
			isa = PBXGroup;
			children = (
				3B2B20201B68C59D002A9CD5 /* RSSFeedReaderTests.m */,
				3B2B201E1B68C59D002A9CD5 /* Supporting Files */,
			);
			path = RSSFeedReaderTests;
			sourceTree = "<group>";
		};
		3B2B201E1B68C59D002A9CD5 /* Supporting Files */ = {
			isa = PBXGroup;
			children = (
				3B2B201F1B68C59D002A9CD5 /* Info.plist */,
			);
			name = "Supporting Files";
			sourceTree = "<group>";
		};
		3B2B202F1B68CA66002A9CD5 /* Model */ = {
			isa = PBXGroup;
			children = (
				3B2B206F1B68E0AD002A9CD5 /* _FeedItem.h */,
				3B2B20701B68E0AD002A9CD5 /* _FeedItem.m */,
				3B2B20661B68DA61002A9CD5 /* _FeedImage.h */,
				3B2B20671B68DA61002A9CD5 /* _FeedImage.m */,
				3B2B20341B68CA66002A9CD5 /* _FeedServer.h */,
				3B2B20351B68CA66002A9CD5 /* _FeedServer.m */,
				3B2B20361B68CA66002A9CD5 /* FeedImage.h */,
				3B2B20371B68CA66002A9CD5 /* FeedImage.m */,
				3B2B20381B68CA66002A9CD5 /* FeedItem.h */,
				3B2B20391B68CA66002A9CD5 /* FeedItem.m */,
				3B2B203A1B68CA66002A9CD5 /* FeedServer.h */,
				3B2B203B1B68CA66002A9CD5 /* FeedServer.m */,
			);
			path = Model;
			sourceTree = "<group>";
		};
		3B2B20441B68D0A5002A9CD5 /* View */ = {
			isa = PBXGroup;
			children = (
				3B2B20421B68D09B002A9CD5 /* Main.storyboard */,
			);
			name = View;
			sourceTree = "<group>";
		};
		3B2B20451B68D0D9002A9CD5 /* Controller */ = {
			isa = PBXGroup;
			children = (
				3B2B206C1B68DFC5002A9CD5 /* FeedManager.h */,
				3B2B206D1B68DFC5002A9CD5 /* FeedManager.m */,
				3B2B20461B68D0F6002A9CD5 /* FeedUITableViewCell.h */,
				3B2B20471B68D0F6002A9CD5 /* FeedUITableViewCell.m */,
				3B2B20481B68D0F6002A9CD5 /* MainTableViewController.h */,
				3B2B20491B68D0F6002A9CD5 /* MainTableViewController.m */,
				3B2B204A1B68D0F6002A9CD5 /* WebViewController.h */,
				3B2B204B1B68D0F6002A9CD5 /* WebViewController.m */,
				3B2B204C1B68D0F6002A9CD5 /* ImageBrowserViewController.h */,
				3B2B204D1B68D0F6002A9CD5 /* ImageBrowserViewController.m */,
				3B2B204E1B68D0F6002A9CD5 /* ParserManager.h */,
				3B2B204F1B68D0F6002A9CD5 /* ParserManager.m */,
				3B2B20501B68D0F6002A9CD5 /* Parser.h */,
				3B2B20511B68D0F6002A9CD5 /* Parser.m */,
				3B67600A1B6B58ED00A3D57A /* ImageDisplayManager.h */,
				3B67600B1B6B58ED00A3D57A /* ImageDisplayManager.m */,
				3B2B205D1B68D11B002A9CD5 /* SettingsManager.h */,
				3B2B205E1B68D11B002A9CD5 /* SettingsManager.m */,
				3B67600D1B6B59AD00A3D57A /* ImageDisplayOperation.h */,
				3B67600E1B6B59AD00A3D57A /* ImageDisplayOperation.m */,
			);
			name = Controller;
			sourceTree = "<group>";
		};
/* End PBXGroup section */

/* Begin PBXNativeTarget section */
		3B2B1FFD1B68C59C002A9CD5 /* RSSFeedReader */ = {
			isa = PBXNativeTarget;
			buildConfigurationList = 3B2B20241B68C59D002A9CD5 /* Build configuration list for PBXNativeTarget "RSSFeedReader" */;
			buildPhases = (
				3B2B1FFA1B68C59C002A9CD5 /* Sources */,
				3B2B1FFB1B68C59C002A9CD5 /* Frameworks */,
				3B2B1FFC1B68C59C002A9CD5 /* Resources */,
			);
			buildRules = (
			);
			dependencies = (
			);
			name = RSSFeedReader;
			productName = RSSFeedReader;
			productReference = 3B2B1FFE1B68C59C002A9CD5 /* RSSFeedReader.app */;
			productType = "com.apple.product-type.application";
		};
		3B2B20191B68C59D002A9CD5 /* RSSFeedReaderTests */ = {
			isa = PBXNativeTarget;
			buildConfigurationList = 3B2B20271B68C59D002A9CD5 /* Build configuration list for PBXNativeTarget "RSSFeedReaderTests" */;
			buildPhases = (
				3B2B20161B68C59D002A9CD5 /* Sources */,
				3B2B20171B68C59D002A9CD5 /* Frameworks */,
				3B2B20181B68C59D002A9CD5 /* Resources */,
			);
			buildRules = (
			);
			dependencies = (
				3B2B201C1B68C59D002A9CD5 /* PBXTargetDependency */,
			);
			name = RSSFeedReaderTests;
			productName = RSSFeedReaderTests;
			productReference = 3B2B201A1B68C59D002A9CD5 /* RSSFeedReaderTests.xctest */;
			productType = "com.apple.product-type.bundle.unit-test";
		};
/* End PBXNativeTarget section */

/* Begin PBXProject section */
		3B2B1FF61B68C59C002A9CD5 /* Project object */ = {
			isa = PBXProject;
			attributes = {
				LastUpgradeCheck = 0640;
				ORGANIZATIONNAME = "Jan Seredynski";
				TargetAttributes = {
					3B2B1FFD1B68C59C002A9CD5 = {
						CreatedOnToolsVersion = 6.4;
					};
					3B2B20191B68C59D002A9CD5 = {
						CreatedOnToolsVersion = 6.4;
						TestTargetID = 3B2B1FFD1B68C59C002A9CD5;
					};
					3B2B202A1B68C7C9002A9CD5 = {
						CreatedOnToolsVersion = 6.4;
					};
				};
			};
			buildConfigurationList = 3B2B1FF91B68C59C002A9CD5 /* Build configuration list for PBXProject "RSSFeedReader" */;
			compatibilityVersion = "Xcode 3.2";
			developmentRegion = English;
			hasScannedForEncodings = 0;
			knownRegions = (
				en,
				Base,
			);
			mainGroup = 3B2B1FF51B68C59C002A9CD5;
			productRefGroup = 3B2B1FFF1B68C59C002A9CD5 /* Products */;
			projectDirPath = "";
			projectRoot = "";
			targets = (
				3B2B1FFD1B68C59C002A9CD5 /* RSSFeedReader */,
				3B2B20191B68C59D002A9CD5 /* RSSFeedReaderTests */,
				3B2B202A1B68C7C9002A9CD5 /* RSSFeedReaderModel */,
			);
		};
/* End PBXProject section */

/* Begin PBXResourcesBuildPhase section */
		3B2B1FFC1B68C59C002A9CD5 /* Resources */ = {
			isa = PBXResourcesBuildPhase;
			buildActionMask = 2147483647;
			files = (
				3B2B20621B68D133002A9CD5 /* Settings.bundle in Resources */,
				3B2B20431B68D09B002A9CD5 /* Main.storyboard in Resources */,
				3B2B20151B68C59C002A9CD5 /* LaunchScreen.xib in Resources */,
				3B2B20121B68C59C002A9CD5 /* Images.xcassets in Resources */,
			);
			runOnlyForDeploymentPostprocessing = 0;
		};
		3B2B20181B68C59D002A9CD5 /* Resources */ = {
			isa = PBXResourcesBuildPhase;
			buildActionMask = 2147483647;
			files = (
			);
			runOnlyForDeploymentPostprocessing = 0;
		};
/* End PBXResourcesBuildPhase section */

/* Begin PBXShellScriptBuildPhase section */
		3B2B202E1B68C922002A9CD5 /* ShellScript */ = {
			isa = PBXShellScriptBuildPhase;
			buildActionMask = 2147483647;
			files = (
			);
			inputPaths = (
			);
			outputPaths = (
			);
			runOnlyForDeploymentPostprocessing = 0;
			shellPath = /bin/sh;
			shellScript = "mogenerator -m RSSFeedReader/RSSFeedReader.xcdatamodeld -O RSSFeedReader/Model --template-var arc=false";
		};
/* End PBXShellScriptBuildPhase section */

/* Begin PBXSourcesBuildPhase section */
		3B2B1FFA1B68C59C002A9CD5 /* Sources */ = {
			isa = PBXSourcesBuildPhase;
			buildActionMask = 2147483647;
			files = (
				3B67600F1B6B59AD00A3D57A /* ImageDisplayOperation.m in Sources */,
				3B2B20711B68E0AD002A9CD5 /* _FeedItem.m in Sources */,
				3B2B205F1B68D11B002A9CD5 /* Stack.m in Sources */,
				3B67600C1B6B58ED00A3D57A /* ImageDisplayManager.m in Sources */,
				3B2B20571B68D0F6002A9CD5 /* Parser.m in Sources */,
				3B2B20561B68D0F6002A9CD5 /* ParserManager.m in Sources */,
				3B2B203E1B68CA66002A9CD5 /* _FeedServer.m in Sources */,
				3B2B205A1B68D10A002A9CD5 /* NSString+MD5.m in Sources */,
				3B2B206E1B68DFC5002A9CD5 /* FeedManager.m in Sources */,
				3B2B20521B68D0F6002A9CD5 /* FeedUITableViewCell.m in Sources */,
				3B2B20071B68C59C002A9CD5 /* AppDelegate.m in Sources */,
				3B2B20041B68C59C002A9CD5 /* main.m in Sources */,
				3B2B20681B68DA61002A9CD5 /* _FeedImage.m in Sources */,
				3B2B20551B68D0F6002A9CD5 /* ImageBrowserViewController.m in Sources */,
				3B2B20401B68CA66002A9CD5 /* FeedItem.m in Sources */,
				3B2B20541B68D0F6002A9CD5 /* WebViewController.m in Sources */,
				3B6760121B6B6CD200A3D57A /* Reachability.m in Sources */,
				3B2B203F1B68CA66002A9CD5 /* FeedImage.m in Sources */,
				3B2B20531B68D0F6002A9CD5 /* MainTableViewController.m in Sources */,
				3B2B20601B68D11B002A9CD5 /* SettingsManager.m in Sources */,
				3B2B200A1B68C59C002A9CD5 /* RSSFeedReader.xcdatamodeld in Sources */,
				3B2B20411B68CA66002A9CD5 /* FeedServer.m in Sources */,
			);
			runOnlyForDeploymentPostprocessing = 0;
		};
		3B2B20161B68C59D002A9CD5 /* Sources */ = {
			isa = PBXSourcesBuildPhase;
			buildActionMask = 2147483647;
			files = (
				3B2B20211B68C59D002A9CD5 /* RSSFeedReaderTests.m in Sources */,
			);
			runOnlyForDeploymentPostprocessing = 0;
		};
/* End PBXSourcesBuildPhase section */

/* Begin PBXTargetDependency section */
		3B2B201C1B68C59D002A9CD5 /* PBXTargetDependency */ = {
			isa = PBXTargetDependency;
			target = 3B2B1FFD1B68C59C002A9CD5 /* RSSFeedReader */;
			targetProxy = 3B2B201B1B68C59D002A9CD5 /* PBXContainerItemProxy */;
		};
/* End PBXTargetDependency section */

/* Begin PBXVariantGroup section */
		3B2B20131B68C59C002A9CD5 /* LaunchScreen.xib */ = {
			isa = PBXVariantGroup;
			children = (
				3B2B20141B68C59C002A9CD5 /* Base */,
			);
			name = LaunchScreen.xib;
			sourceTree = "<group>";
		};
/* End PBXVariantGroup section */

/* Begin XCBuildConfiguration section */
		3B2B20221B68C59D002A9CD5 /* Debug */ = {
			isa = XCBuildConfiguration;
			buildSettings = {
				ALWAYS_SEARCH_USER_PATHS = NO;
				CLANG_CXX_LANGUAGE_STANDARD = "gnu++0x";
				CLANG_CXX_LIBRARY = "libc++";
				CLANG_ENABLE_MODULES = YES;
				CLANG_ENABLE_OBJC_ARC = YES;
				CLANG_WARN_BOOL_CONVERSION = YES;
				CLANG_WARN_CONSTANT_CONVERSION = YES;
				CLANG_WARN_DIRECT_OBJC_ISA_USAGE = YES_ERROR;
				CLANG_WARN_EMPTY_BODY = YES;
				CLANG_WARN_ENUM_CONVERSION = YES;
				CLANG_WARN_INT_CONVERSION = YES;
				CLANG_WARN_OBJC_ROOT_CLASS = YES_ERROR;
				CLANG_WARN_UNREACHABLE_CODE = YES;
				CLANG_WARN__DUPLICATE_METHOD_MATCH = YES;
				"CODE_SIGN_IDENTITY[sdk=iphoneos*]" = "iPhone Developer";
				COPY_PHASE_STRIP = NO;
				DEBUG_INFORMATION_FORMAT = "dwarf-with-dsym";
				ENABLE_STRICT_OBJC_MSGSEND = YES;
				GCC_C_LANGUAGE_STANDARD = gnu99;
				GCC_DYNAMIC_NO_PIC = NO;
				GCC_NO_COMMON_BLOCKS = YES;
				GCC_OPTIMIZATION_LEVEL = 0;
				GCC_PREPROCESSOR_DEFINITIONS = (
					"DEBUG=1",
					"$(inherited)",
				);
				GCC_SYMBOLS_PRIVATE_EXTERN = NO;
				GCC_WARN_64_TO_32_BIT_CONVERSION = YES;
				GCC_WARN_ABOUT_RETURN_TYPE = YES_ERROR;
				GCC_WARN_UNDECLARED_SELECTOR = YES;
				GCC_WARN_UNINITIALIZED_AUTOS = YES_AGGRESSIVE;
				GCC_WARN_UNUSED_FUNCTION = YES;
				GCC_WARN_UNUSED_VARIABLE = YES;
				IPHONEOS_DEPLOYMENT_TARGET = 8.4;
				MTL_ENABLE_DEBUG_INFO = YES;
				ONLY_ACTIVE_ARCH = YES;
				SDKROOT = iphoneos;
				TARGETED_DEVICE_FAMILY = "1,2";
			};
			name = Debug;
		};
		3B2B20231B68C59D002A9CD5 /* Release */ = {
			isa = XCBuildConfiguration;
			buildSettings = {
				ALWAYS_SEARCH_USER_PATHS = NO;
				CLANG_CXX_LANGUAGE_STANDARD = "gnu++0x";
				CLANG_CXX_LIBRARY = "libc++";
				CLANG_ENABLE_MODULES = YES;
				CLANG_ENABLE_OBJC_ARC = YES;
				CLANG_WARN_BOOL_CONVERSION = YES;
				CLANG_WARN_CONSTANT_CONVERSION = YES;
				CLANG_WARN_DIRECT_OBJC_ISA_USAGE = YES_ERROR;
				CLANG_WARN_EMPTY_BODY = YES;
				CLANG_WARN_ENUM_CONVERSION = YES;
				CLANG_WARN_INT_CONVERSION = YES;
				CLANG_WARN_OBJC_ROOT_CLASS = YES_ERROR;
				CLANG_WARN_UNREACHABLE_CODE = YES;
				CLANG_WARN__DUPLICATE_METHOD_MATCH = YES;
				"CODE_SIGN_IDENTITY[sdk=iphoneos*]" = "iPhone Developer";
				COPY_PHASE_STRIP = NO;
				DEBUG_INFORMATION_FORMAT = "dwarf-with-dsym";
				ENABLE_NS_ASSERTIONS = NO;
				ENABLE_STRICT_OBJC_MSGSEND = YES;
				GCC_C_LANGUAGE_STANDARD = gnu99;
				GCC_NO_COMMON_BLOCKS = YES;
				GCC_WARN_64_TO_32_BIT_CONVERSION = YES;
				GCC_WARN_ABOUT_RETURN_TYPE = YES_ERROR;
				GCC_WARN_UNDECLARED_SELECTOR = YES;
				GCC_WARN_UNINITIALIZED_AUTOS = YES_AGGRESSIVE;
				GCC_WARN_UNUSED_FUNCTION = YES;
				GCC_WARN_UNUSED_VARIABLE = YES;
				IPHONEOS_DEPLOYMENT_TARGET = 8.4;
				MTL_ENABLE_DEBUG_INFO = NO;
				SDKROOT = iphoneos;
				TARGETED_DEVICE_FAMILY = "1,2";
				VALIDATE_PRODUCT = YES;
			};
			name = Release;
		};
		3B2B20251B68C59D002A9CD5 /* Debug */ = {
			isa = XCBuildConfiguration;
			buildSettings = {
				ASSETCATALOG_COMPILER_APPICON_NAME = AppIcon;
				CLANG_ENABLE_OBJC_ARC = NO;
				INFOPLIST_FILE = RSSFeedReader/Info.plist;
				LD_RUNPATH_SEARCH_PATHS = "$(inherited) @executable_path/Frameworks";
				PRODUCT_NAME = "$(TARGET_NAME)";
			};
			name = Debug;
		};
		3B2B20261B68C59D002A9CD5 /* Release */ = {
			isa = XCBuildConfiguration;
			buildSettings = {
				ASSETCATALOG_COMPILER_APPICON_NAME = AppIcon;
				CLANG_ENABLE_OBJC_ARC = NO;
				INFOPLIST_FILE = RSSFeedReader/Info.plist;
				LD_RUNPATH_SEARCH_PATHS = "$(inherited) @executable_path/Frameworks";
				PRODUCT_NAME = "$(TARGET_NAME)";
			};
			name = Release;
		};
		3B2B20281B68C59D002A9CD5 /* Debug */ = {
			isa = XCBuildConfiguration;
			buildSettings = {
				BUNDLE_LOADER = "$(TEST_HOST)";
				FRAMEWORK_SEARCH_PATHS = (
					"$(SDKROOT)/Developer/Library/Frameworks",
					"$(inherited)",
				);
				GCC_PREPROCESSOR_DEFINITIONS = (
					"DEBUG=1",
					"$(inherited)",
				);
				INFOPLIST_FILE = RSSFeedReaderTests/Info.plist;
				LD_RUNPATH_SEARCH_PATHS = "$(inherited) @executable_path/Frameworks @loader_path/Frameworks";
				PRODUCT_NAME = "$(TARGET_NAME)";
				TEST_HOST = "$(BUILT_PRODUCTS_DIR)/RSSFeedReader.app/RSSFeedReader";
			};
			name = Debug;
		};
		3B2B20291B68C59D002A9CD5 /* Release */ = {
			isa = XCBuildConfiguration;
			buildSettings = {
				BUNDLE_LOADER = "$(TEST_HOST)";
				FRAMEWORK_SEARCH_PATHS = (
					"$(SDKROOT)/Developer/Library/Frameworks",
					"$(inherited)",
				);
				INFOPLIST_FILE = RSSFeedReaderTests/Info.plist;
				LD_RUNPATH_SEARCH_PATHS = "$(inherited) @executable_path/Frameworks @loader_path/Frameworks";
				PRODUCT_NAME = "$(TARGET_NAME)";
				TEST_HOST = "$(BUILT_PRODUCTS_DIR)/RSSFeedReader.app/RSSFeedReader";
			};
			name = Release;
		};
		3B2B202C1B68C7CA002A9CD5 /* Debug */ = {
			isa = XCBuildConfiguration;
			buildSettings = {
				PRODUCT_NAME = "$(TARGET_NAME)";
			};
			name = Debug;
		};
		3B2B202D1B68C7CA002A9CD5 /* Release */ = {
			isa = XCBuildConfiguration;
			buildSettings = {
				PRODUCT_NAME = "$(TARGET_NAME)";
			};
			name = Release;
		};
/* End XCBuildConfiguration section */

/* Begin XCConfigurationList section */
		3B2B1FF91B68C59C002A9CD5 /* Build configuration list for PBXProject "RSSFeedReader" */ = {
			isa = XCConfigurationList;
			buildConfigurations = (
				3B2B20221B68C59D002A9CD5 /* Debug */,
				3B2B20231B68C59D002A9CD5 /* Release */,
			);
			defaultConfigurationIsVisible = 0;
			defaultConfigurationName = Release;
		};
		3B2B20241B68C59D002A9CD5 /* Build configuration list for PBXNativeTarget "RSSFeedReader" */ = {
			isa = XCConfigurationList;
			buildConfigurations = (
				3B2B20251B68C59D002A9CD5 /* Debug */,
				3B2B20261B68C59D002A9CD5 /* Release */,
			);
			defaultConfigurationIsVisible = 0;
			defaultConfigurationName = Release;
		};
		3B2B20271B68C59D002A9CD5 /* Build configuration list for PBXNativeTarget "RSSFeedReaderTests" */ = {
			isa = XCConfigurationList;
			buildConfigurations = (
				3B2B20281B68C59D002A9CD5 /* Debug */,
				3B2B20291B68C59D002A9CD5 /* Release */,
			);
			defaultConfigurationIsVisible = 0;
			defaultConfigurationName = Release;
		};
		3B2B202B1B68C7CA002A9CD5 /* Build configuration list for PBXAggregateTarget "RSSFeedReaderModel" */ = {
			isa = XCConfigurationList;
			buildConfigurations = (
				3B2B202C1B68C7CA002A9CD5 /* Debug */,
				3B2B202D1B68C7CA002A9CD5 /* Release */,
			);
			defaultConfigurationIsVisible = 0;
			defaultConfigurationName = Release;
		};
/* End XCConfigurationList section */

/* Begin XCVersionGroup section */
		3B2B20081B68C59C002A9CD5 /* RSSFeedReader.xcdatamodeld */ = {
			isa = XCVersionGroup;
			children = (
				3B2B20091B68C59C002A9CD5 /* RSSFeedReader.xcdatamodel */,
			);
			currentVersion = 3B2B20091B68C59C002A9CD5 /* RSSFeedReader.xcdatamodel */;
			path = RSSFeedReader.xcdatamodeld;
			sourceTree = "<group>";
			versionGroupType = wrapper.xcdatamodel;
		};
/* End XCVersionGroup section */
	};
	rootObject = 3B2B1FF61B68C59C002A9CD5 /* Project object */;
}
